
Microsoft Visual Studio Solution File, Format Version 12.00
# Visual Studio Version 17
VisualStudioVersion = 17.10.35004.147
MinimumVisualStudioVersion = 10.0.40219.1
Project("{FAE04EC0-301F-11D3-BF4B-00C04F79EFBC}") = "Recipe_Recom_System", "Recipe_Recom_System\Recipe_Recom_System.csproj", "{6F066ED2-504F-46D1-9C48-54DF538BAD7D}"
EndProject
Global
	GlobalSection(SolutionConfigurationPlatforms) = preSolution
		Debug|Any CPU = Debug|Any CPU
		Release|Any CPU = Release|Any CPU
	EndGlobalSection
	GlobalSection(ProjectConfigurationPlatforms) = postSolution
		{6F066ED2-504F-46D1-9C48-54DF538BAD7D}.Debug|Any CPU.ActiveCfg = Debug|Any CPU
		{6F066ED2-504F-46D1-9C48-54DF538BAD7D}.Debug|Any CPU.Build.0 = Debug|Any CPU
		{6F066ED2-504F-46D1-9C48-54DF538BAD7D}.Release|Any CPU.ActiveCfg = Release|Any CPU
		{6F066ED2-504F-46D1-9C48-54DF538BAD7D}.Release|Any CPU.Build.0 = Release|Any CPU
	EndGlobalSection
	GlobalSection(SolutionProperties) = preSolution
		HideSolutionNode = FALSE
	EndGlobalSection
	GlobalSection(ExtensibilityGlobals) = postSolution
		SolutionGuid = {187E5B74-198D-4A22-9813-53C39D0056A4}
	EndGlobalSection
EndGlobal
